
Microsoft Visual Studio Solution File, Format Version 12.00
# Visual Studio Version 16
VisualStudioVersion = 16.0.29519.87
MinimumVisualStudioVersion = 10.0.40219.1
Project("{FAE04EC0-301F-11D3-BF4B-00C04F79EFBC}") = "SeleniumTestsIntegrateToAzureDevOps", "SeleniumTestsIntegrateToAzureDevOps\SeleniumTestsIntegrateToAzureDevOps.csproj", "{59B7323F-E83F-45BF-8084-342B57FD419B}"
EndProject
Global
	GlobalSection(SolutionConfigurationPlatforms) = preSolution
		Debug|Any CPU = Debug|Any CPU
		Release|Any CPU = Release|Any CPU
	EndGlobalSection
	GlobalSection(ProjectConfigurationPlatforms) = postSolution
		{59B7323F-E83F-45BF-8084-342B57FD419B}.Debug|Any CPU.ActiveCfg = Debug|Any CPU
		{59B7323F-E83F-45BF-8084-342B57FD419B}.Debug|Any CPU.Build.0 = Debug|Any CPU
		{59B7323F-E83F-45BF-8084-342B57FD419B}.Release|Any CPU.ActiveCfg = Release|Any CPU
		{59B7323F-E83F-45BF-8084-342B57FD419B}.Release|Any CPU.Build.0 = Release|Any CPU
	EndGlobalSection
	GlobalSection(SolutionProperties) = preSolution
		HideSolutionNode = FALSE
	EndGlobalSection
	GlobalSection(ExtensibilityGlobals) = postSolution
		SolutionGuid = {49BB4A11-3742-463B-87CC-455797C60632}
	EndGlobalSection
EndGlobal
